{
    "name": "helloworld",
    "version": "1.0.0",
    "lockfileVersion": 1,
    "requires": true,
    "dependencies": {
        "onesignal-cordova-plugin": {
            "version": "2.4.5",
            "resolved": "https://registry.npmjs.org/onesignal-cordova-plugin/-/onesignal-cordova-plugin-2.4.5.tgz",
            "integrity": "sha512-nbGDfDfnFXT14BrzxEU4r2cJSNRZjnhy6whNWqfHC4uN5vVPIl5ibnOD8ifaddOU5bWmlB2yw64qSBE8CB2n8Q=="
        }
    }
}
